
Microsoft Visual Studio Solution File, Format Version 12.00
# Visual Studio Version 16
VisualStudioVersion = 16.0.29926.136
MinimumVisualStudioVersion = 10.0.40219.1
Project("{FAE04EC0-301F-11D3-BF4B-00C04F79EFBC}") = "GZipTest", "GZipTest\GZipTest.csproj", "{4854457D-4CBB-4F3A-B79A-EF1912C0F116}"
EndProject
Global
	GlobalSection(SolutionConfigurationPlatforms) = preSolution
		Debug|Any CPU = Debug|Any CPU
		Release|Any CPU = Release|Any CPU
	EndGlobalSection
	GlobalSection(ProjectConfigurationPlatforms) = postSolution
		{4854457D-4CBB-4F3A-B79A-EF1912C0F116}.Debug|Any CPU.ActiveCfg = Debug|Any CPU
		{4854457D-4CBB-4F3A-B79A-EF1912C0F116}.Debug|Any CPU.Build.0 = Debug|Any CPU
		{4854457D-4CBB-4F3A-B79A-EF1912C0F116}.Release|Any CPU.ActiveCfg = Release|Any CPU
		{4854457D-4CBB-4F3A-B79A-EF1912C0F116}.Release|Any CPU.Build.0 = Release|Any CPU
	EndGlobalSection
	GlobalSection(SolutionProperties) = preSolution
		HideSolutionNode = FALSE
	EndGlobalSection
	GlobalSection(ExtensibilityGlobals) = postSolution
		SolutionGuid = {2990A72D-C2A9-4674-95A7-77149D5A8796}
	EndGlobalSection
EndGlobal
